
Microsoft Visual Studio Solution File, Format Version 12.00
# Visual Studio Version 16
VisualStudioVersion = 16.0.29503.13
MinimumVisualStudioVersion = 10.0.40219.1
Project("{FAE04EC0-301F-11D3-BF4B-00C04F79EFBC}") = "CastleDEMO", "CastleDEMO\CastleDEMO.csproj", "{A4B294D0-BB4E-4D69-BF1D-B367A9B4144F}"
EndProject
Global
	GlobalSection(SolutionConfigurationPlatforms) = preSolution
		Debug|Any CPU = Debug|Any CPU
		Release|Any CPU = Release|Any CPU
	EndGlobalSection
	GlobalSection(ProjectConfigurationPlatforms) = postSolution
		{A4B294D0-BB4E-4D69-BF1D-B367A9B4144F}.Debug|Any CPU.ActiveCfg = Debug|Any CPU
		{A4B294D0-BB4E-4D69-BF1D-B367A9B4144F}.Debug|Any CPU.Build.0 = Debug|Any CPU
		{A4B294D0-BB4E-4D69-BF1D-B367A9B4144F}.Release|Any CPU.ActiveCfg = Release|Any CPU
		{A4B294D0-BB4E-4D69-BF1D-B367A9B4144F}.Release|Any CPU.Build.0 = Release|Any CPU
	EndGlobalSection
	GlobalSection(SolutionProperties) = preSolution
		HideSolutionNode = FALSE
	EndGlobalSection
	GlobalSection(ExtensibilityGlobals) = postSolution
		SolutionGuid = {C42B0EB1-6382-4589-B817-E6273218BFC2}
	EndGlobalSection
EndGlobal
